// !$*UTF8*$!
{
	archiveVersion = 1;
	classes = {
	};
	objectVersion = 50;
	objects = {

/* Begin PBXBuildFile section */
		4FF80158240CFC1D0045B0EF /* DetailsViewController.swift in Sources */ = {isa = PBXBuildFile; fileRef = 4FF80157240CFC1D0045B0EF /* DetailsViewController.swift */; };
		4FF8015A240D1B870045B0EF /* ImageCollectionViewCell.swift in Sources */ = {isa = PBXBuildFile; fileRef = 4FF80159240D1B870045B0EF /* ImageCollectionViewCell.swift */; };
		8FA7FCC324091C93004258A4 /* RestaurantTableViewCell.swift in Sources */ = {isa = PBXBuildFile; fileRef = 8FA7FCC224091C93004258A4 /* RestaurantTableViewCell.swift */; };
		8FA7FCC524091E16004258A4 /* RestaurantModel.swift in Sources */ = {isa = PBXBuildFile; fileRef = 8FA7FCC424091E16004258A4 /* RestaurantModel.swift */; };
		8FD1FBDF2408FA0D00501886 /* AppDelegate.swift in Sources */ = {isa = PBXBuildFile; fileRef = 8FD1FBDE2408FA0D00501886 /* AppDelegate.swift */; };
		8FD1FBE12408FA0D00501886 /* SceneDelegate.swift in Sources */ = {isa = PBXBuildFile; fileRef = 8FD1FBE02408FA0D00501886 /* SceneDelegate.swift */; };
		8FD1FBE32408FA0D00501886 /* RestaurantsViewController.swift in Sources */ = {isa = PBXBuildFile; fileRef = 8FD1FBE22408FA0D00501886 /* RestaurantsViewController.swift */; };
		8FD1FBE62408FA0D00501886 /* Main.storyboard in Resources */ = {isa = PBXBuildFile; fileRef = 8FD1FBE42408FA0D00501886 /* Main.storyboard */; };
		8FD1FBE82408FA1200501886 /* Assets.xcassets in Resources */ = {isa = PBXBuildFile; fileRef = 8FD1FBE72408FA1200501886 /* Assets.xcassets */; };
		8FD1FBEB2408FA1200501886 /* LaunchScreen.storyboard in Resources */ = {isa = PBXBuildFile; fileRef = 8FD1FBE92408FA1200501886 /* LaunchScreen.storyboard */; };
		97250D11240FA96600E50137 /* NetworkManager.swift in Sources */ = {isa = PBXBuildFile; fileRef = 97250D10240FA96600E50137 /* NetworkManager.swift */; };
/* End PBXBuildFile section */

/* Begin PBXFileReference section */
		4FF80157240CFC1D0045B0EF /* DetailsViewController.swift */ = {isa = PBXFileReference; lastKnownFileType = sourcecode.swift; path = DetailsViewController.swift; sourceTree = "<group>"; };
		4FF80159240D1B870045B0EF /* ImageCollectionViewCell.swift */ = {isa = PBXFileReference; lastKnownFileType = sourcecode.swift; path = ImageCollectionViewCell.swift; sourceTree = "<group>"; };
		8FA7FCC224091C93004258A4 /* RestaurantTableViewCell.swift */ = {isa = PBXFileReference; lastKnownFileType = sourcecode.swift; path = RestaurantTableViewCell.swift; sourceTree = "<group>"; };
		8FA7FCC424091E16004258A4 /* RestaurantModel.swift */ = {isa = PBXFileReference; lastKnownFileType = sourcecode.swift; path = RestaurantModel.swift; sourceTree = "<group>"; };
		8FD1FBDB2408FA0D00501886 /* RestaurantsIBM.app */ = {isa = PBXFileReference; explicitFileType = wrapper.application; includeInIndex = 0; path = RestaurantsIBM.app; sourceTree = BUILT_PRODUCTS_DIR; };
		8FD1FBDE2408FA0D00501886 /* AppDelegate.swift */ = {isa = PBXFileReference; lastKnownFileType = sourcecode.swift; path = AppDelegate.swift; sourceTree = "<group>"; };
		8FD1FBE02408FA0D00501886 /* SceneDelegate.swift */ = {isa = PBXFileReference; lastKnownFileType = sourcecode.swift; path = SceneDelegate.swift; sourceTree = "<group>"; };
		8FD1FBE22408FA0D00501886 /* RestaurantsViewController.swift */ = {isa = PBXFileReference; lastKnownFileType = sourcecode.swift; path = RestaurantsViewController.swift; sourceTree = "<group>"; };
		8FD1FBE52408FA0D00501886 /* Base */ = {isa = PBXFileReference; lastKnownFileType = file.storyboard; name = Base; path = Base.lproj/Main.storyboard; sourceTree = "<group>"; };
		8FD1FBE72408FA1200501886 /* Assets.xcassets */ = {isa = PBXFileReference; lastKnownFileType = folder.assetcatalog; path = Assets.xcassets; sourceTree = "<group>"; };
		8FD1FBEA2408FA1200501886 /* Base */ = {isa = PBXFileReference; lastKnownFileType = file.storyboard; name = Base; path = Base.lproj/LaunchScreen.storyboard; sourceTree = "<group>"; };
		8FD1FBEC2408FA1200501886 /* Info.plist */ = {isa = PBXFileReference; lastKnownFileType = text.plist.xml; path = Info.plist; sourceTree = "<group>"; };
		97250D10240FA96600E50137 /* NetworkManager.swift */ = {isa = PBXFileReference; lastKnownFileType = sourcecode.swift; path = NetworkManager.swift; sourceTree = "<group>"; };
/* End PBXFileReference section */

/* Begin PBXFrameworksBuildPhase section */
		8FD1FBD82408FA0D00501886 /* Frameworks */ = {
			isa = PBXFrameworksBuildPhase;
			buildActionMask = 2147483647;
			files = (
			);
			runOnlyForDeploymentPostprocessing = 0;
		};
/* End PBXFrameworksBuildPhase section */

/* Begin PBXGroup section */
		8FD1FBD22408FA0D00501886 = {
			isa = PBXGroup;
			children = (
				97250D0F240FA94600E50137 /* Networking */,
				8FD1FBDD2408FA0D00501886 /* RestaurantsIBM */,
				8FD1FBDC2408FA0D00501886 /* Products */,
			);
			sourceTree = "<group>";
		};
		8FD1FBDC2408FA0D00501886 /* Products */ = {
			isa = PBXGroup;
			children = (
				8FD1FBDB2408FA0D00501886 /* RestaurantsIBM.app */,
			);
			name = Products;
			sourceTree = "<group>";
		};
		8FD1FBDD2408FA0D00501886 /* RestaurantsIBM */ = {
			isa = PBXGroup;
			children = (
				8FD1FBF324091AAF00501886 /* ViewControllers */,
				8FD1FBF224091A9B00501886 /* Models */,
				8FD1FBDE2408FA0D00501886 /* AppDelegate.swift */,
				8FD1FBE02408FA0D00501886 /* SceneDelegate.swift */,
				8FD1FBE42408FA0D00501886 /* Main.storyboard */,
				8FD1FBE72408FA1200501886 /* Assets.xcassets */,
				8FD1FBE92408FA1200501886 /* LaunchScreen.storyboard */,
				8FD1FBEC2408FA1200501886 /* Info.plist */,
			);
			path = RestaurantsIBM;
			sourceTree = "<group>";
		};
		8FD1FBF224091A9B00501886 /* Models */ = {
			isa = PBXGroup;
			children = (
				8FA7FCC424091E16004258A4 /* RestaurantModel.swift */,
			);
			path = Models;
			sourceTree = "<group>";
		};
		8FD1FBF324091AAF00501886 /* ViewControllers */ = {
			isa = PBXGroup;
			children = (
				8FD1FBE22408FA0D00501886 /* RestaurantsViewController.swift */,
				4FF80157240CFC1D0045B0EF /* DetailsViewController.swift */,
				8FD1FBF424091AC400501886 /* Views */,
			);
			path = ViewControllers;
			sourceTree = "<group>";
		};
		8FD1FBF424091AC400501886 /* Views */ = {
			isa = PBXGroup;
			children = (
				8FA7FCC224091C93004258A4 /* RestaurantTableViewCell.swift */,
				4FF80159240D1B870045B0EF /* ImageCollectionViewCell.swift */,
			);
			path = Views;
			sourceTree = "<group>";
		};
		97250D0F240FA94600E50137 /* Networking */ = {
			isa = PBXGroup;
			children = (
				97250D10240FA96600E50137 /* NetworkManager.swift */,
			);
			path = Networking;
			sourceTree = "<group>";
		};
/* End PBXGroup section */

/* Begin PBXNativeTarget section */
		8FD1FBDA2408FA0D00501886 /* RestaurantsIBM */ = {
			isa = PBXNativeTarget;
			buildConfigurationList = 8FD1FBEF2408FA1200501886 /* Build configuration list for PBXNativeTarget "RestaurantsIBM" */;
			buildPhases = (
				8FD1FBD72408FA0D00501886 /* Sources */,
				8FD1FBD82408FA0D00501886 /* Frameworks */,
				8FD1FBD92408FA0D00501886 /* Resources */,
			);
			buildRules = (
			);
			dependencies = (
			);
			name = RestaurantsIBM;
			productName = RestaurantsIBM;
			productReference = 8FD1FBDB2408FA0D00501886 /* RestaurantsIBM.app */;
			productType = "com.apple.product-type.application";
		};
/* End PBXNativeTarget section */

/* Begin PBXProject section */
		8FD1FBD32408FA0D00501886 /* Project object */ = {
			isa = PBXProject;
			attributes = {
				LastSwiftUpdateCheck = 1130;
				LastUpgradeCheck = 1130;
				ORGANIZATIONNAME = DragosRotaru;
				TargetAttributes = {
					8FD1FBDA2408FA0D00501886 = {
						CreatedOnToolsVersion = 11.3.1;
					};
				};
			};
			buildConfigurationList = 8FD1FBD62408FA0D00501886 /* Build configuration list for PBXProject "RestaurantsIBM" */;
			compatibilityVersion = "Xcode 9.3";
			developmentRegion = en;
			hasScannedForEncodings = 0;
			knownRegions = (
				en,
				Base,
			);
			mainGroup = 8FD1FBD22408FA0D00501886;
			productRefGroup = 8FD1FBDC2408FA0D00501886 /* Products */;
			projectDirPath = "";
			projectRoot = "";
			targets = (
				8FD1FBDA2408FA0D00501886 /* RestaurantsIBM */,
			);
		};
/* End PBXProject section */

/* Begin PBXResourcesBuildPhase section */
		8FD1FBD92408FA0D00501886 /* Resources */ = {
			isa = PBXResourcesBuildPhase;
			buildActionMask = 2147483647;
			files = (
				8FD1FBEB2408FA1200501886 /* LaunchScreen.storyboard in Resources */,
				8FD1FBE82408FA1200501886 /* Assets.xcassets in Resources */,
				8FD1FBE62408FA0D00501886 /* Main.storyboard in Resources */,
			);
			runOnlyForDeploymentPostprocessing = 0;
		};
/* End PBXResourcesBuildPhase section */

/* Begin PBXSourcesBuildPhase section */
		8FD1FBD72408FA0D00501886 /* Sources */ = {
			isa = PBXSourcesBuildPhase;
			buildActionMask = 2147483647;
			files = (
				8FA7FCC324091C93004258A4 /* RestaurantTableViewCell.swift in Sources */,
				8FD1FBE32408FA0D00501886 /* RestaurantsViewController.swift in Sources */,
				8FD1FBDF2408FA0D00501886 /* AppDelegate.swift in Sources */,
				4FF8015A240D1B870045B0EF /* ImageCollectionViewCell.swift in Sources */,
				97250D11240FA96600E50137 /* NetworkManager.swift in Sources */,
				8FD1FBE12408FA0D00501886 /* SceneDelegate.swift in Sources */,
				8FA7FCC524091E16004258A4 /* RestaurantModel.swift in Sources */,
				4FF80158240CFC1D0045B0EF /* DetailsViewController.swift in Sources */,
			);
			runOnlyForDeploymentPostprocessing = 0;
		};
/* End PBXSourcesBuildPhase section */

/* Begin PBXVariantGroup section */
		8FD1FBE42408FA0D00501886 /* Main.storyboard */ = {
			isa = PBXVariantGroup;
			children = (
				8FD1FBE52408FA0D00501886 /* Base */,
			);
			name = Main.storyboard;
			sourceTree = "<group>";
		};
		8FD1FBE92408FA1200501886 /* LaunchScreen.storyboard */ = {
			isa = PBXVariantGroup;
			children = (
				8FD1FBEA2408FA1200501886 /* Base */,
			);
			name = LaunchScreen.storyboard;
			sourceTree = "<group>";
		};
/* End PBXVariantGroup section */

/* Begin XCBuildConfiguration section */
		8FD1FBED2408FA1200501886 /* Debug */ = {
			isa = XCBuildConfiguration;
			buildSettings = {
				ALWAYS_SEARCH_USER_PATHS = NO;
				CLANG_ANALYZER_NONNULL = YES;
				CLANG_ANALYZER_NUMBER_OBJECT_CONVERSION = YES_AGGRESSIVE;
				CLANG_CXX_LANGUAGE_STANDARD = "gnu++14";
				CLANG_CXX_LIBRARY = "libc++";
				CLANG_ENABLE_MODULES = YES;
				CLANG_ENABLE_OBJC_ARC = YES;
				CLANG_ENABLE_OBJC_WEAK = YES;
				CLANG_WARN_BLOCK_CAPTURE_AUTORELEASING = YES;
				CLANG_WARN_BOOL_CONVERSION = YES;
				CLANG_WARN_COMMA = YES;
				CLANG_WARN_CONSTANT_CONVERSION = YES;
				CLANG_WARN_DEPRECATED_OBJC_IMPLEMENTATIONS = YES;
				CLANG_WARN_DIRECT_OBJC_ISA_USAGE = YES_ERROR;
				CLANG_WARN_DOCUMENTATION_COMMENTS = YES;
				CLANG_WARN_EMPTY_BODY = YES;
				CLANG_WARN_ENUM_CONVERSION = YES;
				CLANG_WARN_INFINITE_RECURSION = YES;
				CLANG_WARN_INT_CONVERSION = YES;
				CLANG_WARN_NON_LITERAL_NULL_CONVERSION = YES;
				CLANG_WARN_OBJC_IMPLICIT_RETAIN_SELF = YES;
				CLANG_WARN_OBJC_LITERAL_CONVERSION = YES;
				CLANG_WARN_OBJC_ROOT_CLASS = YES_ERROR;
				CLANG_WARN_RANGE_LOOP_ANALYSIS = YES;
				CLANG_WARN_STRICT_PROTOTYPES = YES;
				CLANG_WARN_SUSPICIOUS_MOVE = YES;
				CLANG_WARN_UNGUARDED_AVAILABILITY = YES_AGGRESSIVE;
				CLANG_WARN_UNREACHABLE_CODE = YES;
				CLANG_WARN__DUPLICATE_METHOD_MATCH = YES;
				COPY_PHASE_STRIP = NO;
				DEBUG_INFORMATION_FORMAT = dwarf;
				ENABLE_STRICT_OBJC_MSGSEND = YES;
				ENABLE_TESTABILITY = YES;
				GCC_C_LANGUAGE_STANDARD = gnu11;
				GCC_DYNAMIC_NO_PIC = NO;
				GCC_NO_COMMON_BLOCKS = YES;
				GCC_OPTIMIZATION_LEVEL = 0;
				GCC_PREPROCESSOR_DEFINITIONS = (
					"DEBUG=1",
					"$(inherited)",
				);
				GCC_WARN_64_TO_32_BIT_CONVERSION = YES;
				GCC_WARN_ABOUT_RETURN_TYPE = YES_ERROR;
				GCC_WARN_UNDECLARED_SELECTOR = YES;
				GCC_WARN_UNINITIALIZED_AUTOS = YES_AGGRESSIVE;
				GCC_WARN_UNUSED_FUNCTION = YES;
				GCC_WARN_UNUSED_VARIABLE = YES;
				IPHONEOS_DEPLOYMENT_TARGET = 13.2;
				MTL_ENABLE_DEBUG_INFO = INCLUDE_SOURCE;
				MTL_FAST_MATH = YES;
				ONLY_ACTIVE_ARCH = YES;
				SDKROOT = iphoneos;
				SWIFT_ACTIVE_COMPILATION_CONDITIONS = DEBUG;
				SWIFT_OPTIMIZATION_LEVEL = "-Onone";
			};
			name = Debug;
		};
		8FD1FBEE2408FA1200501886 /* Release */ = {
			isa = XCBuildConfiguration;
			buildSettings = {
				ALWAYS_SEARCH_USER_PATHS = NO;
				CLANG_ANALYZER_NONNULL = YES;
				CLANG_ANALYZER_NUMBER_OBJECT_CONVERSION = YES_AGGRESSIVE;
				CLANG_CXX_LANGUAGE_STANDARD = "gnu++14";
				CLANG_CXX_LIBRARY = "libc++";
				CLANG_ENABLE_MODULES = YES;
				CLANG_ENABLE_OBJC_ARC = YES;
				CLANG_ENABLE_OBJC_WEAK = YES;
				CLANG_WARN_BLOCK_CAPTURE_AUTORELEASING = YES;
				CLANG_WARN_BOOL_CONVERSION = YES;
				CLANG_WARN_COMMA = YES;
				CLANG_WARN_CONSTANT_CONVERSION = YES;
				CLANG_WARN_DEPRECATED_OBJC_IMPLEMENTATIONS = YES;
				CLANG_WARN_DIRECT_OBJC_ISA_USAGE = YES_ERROR;
				CLANG_WARN_DOCUMENTATION_COMMENTS = YES;
				CLANG_WARN_EMPTY_BODY = YES;
				CLANG_WARN_ENUM_CONVERSION = YES;
				CLANG_WARN_INFINITE_RECURSION = YES;
				CLANG_WARN_INT_CONVERSION = YES;
				CLANG_WARN_NON_LITERAL_NULL_CONVERSION = YES;
				CLANG_WARN_OBJC_IMPLICIT_RETAIN_SELF = YES;
				CLANG_WARN_OBJC_LITERAL_CONVERSION = YES;
				CLANG_WARN_OBJC_ROOT_CLASS = YES_ERROR;
				CLANG_WARN_RANGE_LOOP_ANALYSIS = YES;
				CLANG_WARN_STRICT_PROTOTYPES = YES;
				CLANG_WARN_SUSPICIOUS_MOVE = YES;
				CLANG_WARN_UNGUARDED_AVAILABILITY = YES_AGGRESSIVE;
				CLANG_WARN_UNREACHABLE_CODE = YES;
				CLANG_WARN__DUPLICATE_METHOD_MATCH = YES;
				COPY_PHASE_STRIP = NO;
				DEBUG_INFORMATION_FORMAT = "dwarf-with-dsym";
				ENABLE_NS_ASSERTIONS = NO;
				ENABLE_STRICT_OBJC_MSGSEND = YES;
				GCC_C_LANGUAGE_STANDARD = gnu11;
				GCC_NO_COMMON_BLOCKS = YES;
				GCC_WARN_64_TO_32_BIT_CONVERSION = YES;
				GCC_WARN_ABOUT_RETURN_TYPE = YES_ERROR;
				GCC_WARN_UNDECLARED_SELECTOR = YES;
				GCC_WARN_UNINITIALIZED_AUTOS = YES_AGGRESSIVE;
				GCC_WARN_UNUSED_FUNCTION = YES;
				GCC_WARN_UNUSED_VARIABLE = YES;
				IPHONEOS_DEPLOYMENT_TARGET = 13.2;
				MTL_ENABLE_DEBUG_INFO = NO;
				MTL_FAST_MATH = YES;
				SDKROOT = iphoneos;
				SWIFT_COMPILATION_MODE = wholemodule;
				SWIFT_OPTIMIZATION_LEVEL = "-O";
				VALIDATE_PRODUCT = YES;
			};
			name = Release;
		};
		8FD1FBF02408FA1200501886 /* Debug */ = {
			isa = XCBuildConfiguration;
			buildSettings = {
				ASSETCATALOG_COMPILER_APPICON_NAME = AppIcon;
				CODE_SIGN_STYLE = Automatic;
				DEVELOPMENT_TEAM = T4YN4QM894;
				INFOPLIST_FILE = RestaurantsIBM/Info.plist;
				LD_RUNPATH_SEARCH_PATHS = (
					"$(inherited)",
					"@executable_path/Frameworks",
				);
				PRODUCT_BUNDLE_IDENTIFIER = com.Dragos.Rotaru.RestaurantsIBM;
				PRODUCT_NAME = "$(TARGET_NAME)";
				SWIFT_VERSION = 5.0;
				TARGETED_DEVICE_FAMILY = "1,2";
			};
			name = Debug;
		};
		8FD1FBF12408FA1200501886 /* Release */ = {
			isa = XCBuildConfiguration;
			buildSettings = {
				ASSETCATALOG_COMPILER_APPICON_NAME = AppIcon;
				CODE_SIGN_STYLE = Automatic;
				DEVELOPMENT_TEAM = T4YN4QM894;
				INFOPLIST_FILE = RestaurantsIBM/Info.plist;
				LD_RUNPATH_SEARCH_PATHS = (
					"$(inherited)",
					"@executable_path/Frameworks",
				);
				PRODUCT_BUNDLE_IDENTIFIER = com.Dragos.Rotaru.RestaurantsIBM;
				PRODUCT_NAME = "$(TARGET_NAME)";
				SWIFT_VERSION = 5.0;
				TARGETED_DEVICE_FAMILY = "1,2";
			};
			name = Release;
		};
/* End XCBuildConfiguration section */

/* Begin XCConfigurationList section */
		8FD1FBD62408FA0D00501886 /* Build configuration list for PBXProject "RestaurantsIBM" */ = {
			isa = XCConfigurationList;
			buildConfigurations = (
				8FD1FBED2408FA1200501886 /* Debug */,
				8FD1FBEE2408FA1200501886 /* Release */,
			);
			defaultConfigurationIsVisible = 0;
			defaultConfigurationName = Release;
		};
		8FD1FBEF2408FA1200501886 /* Build configuration list for PBXNativeTarget "RestaurantsIBM" */ = {
			isa = XCConfigurationList;
			buildConfigurations = (
				8FD1FBF02408FA1200501886 /* Debug */,
				8FD1FBF12408FA1200501886 /* Release */,
			);
			defaultConfigurationIsVisible = 0;
			defaultConfigurationName = Release;
		};
/* End XCConfigurationList section */
	};
	rootObject = 8FD1FBD32408FA0D00501886 /* Project object */;
}
